
Microsoft Visual Studio Solution File, Format Version 12.00
# Visual Studio Version 17
VisualStudioVersion = 17.6.34728.177
MinimumVisualStudioVersion = 10.0.40219.1
Project("{FAE04EC0-301F-11D3-BF4B-00C04F79EFBC}") = "CityInfo.API", "CityInfo.API\CityInfo.API.csproj", "{9A2496B7-C727-494B-83CB-0A7746A0B551}"
EndProject
Global
	GlobalSection(SolutionConfigurationPlatforms) = preSolution
		Debug|Any CPU = Debug|Any CPU
		Release|Any CPU = Release|Any CPU
	EndGlobalSection
	GlobalSection(ProjectConfigurationPlatforms) = postSolution
		{9A2496B7-C727-494B-83CB-0A7746A0B551}.Debug|Any CPU.ActiveCfg = Debug|Any CPU
		{9A2496B7-C727-494B-83CB-0A7746A0B551}.Debug|Any CPU.Build.0 = Debug|Any CPU
		{9A2496B7-C727-494B-83CB-0A7746A0B551}.Release|Any CPU.ActiveCfg = Release|Any CPU
		{9A2496B7-C727-494B-83CB-0A7746A0B551}.Release|Any CPU.Build.0 = Release|Any CPU
	EndGlobalSection
	GlobalSection(SolutionProperties) = preSolution
		HideSolutionNode = FALSE
	EndGlobalSection
	GlobalSection(ExtensibilityGlobals) = postSolution
		SolutionGuid = {959A53BB-7D68-4457-B6B0-5C8DDFD85273}
	EndGlobalSection
EndGlobal
